
Microsoft Visual Studio Solution File, Format Version 12.00
# Visual Studio 14
VisualStudioVersion = 14.0.25420.1
MinimumVisualStudioVersion = 10.0.40219.1
Project("{2150E333-8FDC-42A3-9474-1A3956D46DE8}") = "WpfApp Examples", "WpfApp Examples", "{1113E07E-B1F5-4A1A-AE86-C07F644A3861}"
EndProject
Project("{FAE04EC0-301F-11D3-BF4B-00C04F79EFBC}") = "Tesseract.WpfAppDemo", "Tesseract.WpfAppDemo\Tesseract.WpfAppDemo.csproj", "{32C693BE-1D2C-47ED-8400-F0DCF6F38AB8}"
EndProject
Global
	GlobalSection(SolutionConfigurationPlatforms) = preSolution
		Debug|Any CPU = Debug|Any CPU
		Release|Any CPU = Release|Any CPU
	EndGlobalSection
	GlobalSection(ProjectConfigurationPlatforms) = postSolution
		{32C693BE-1D2C-47ED-8400-F0DCF6F38AB8}.Debug|Any CPU.ActiveCfg = Debug|Any CPU
		{32C693BE-1D2C-47ED-8400-F0DCF6F38AB8}.Debug|Any CPU.Build.0 = Debug|Any CPU
		{32C693BE-1D2C-47ED-8400-F0DCF6F38AB8}.Release|Any CPU.ActiveCfg = Release|Any CPU
		{32C693BE-1D2C-47ED-8400-F0DCF6F38AB8}.Release|Any CPU.Build.0 = Release|Any CPU
	EndGlobalSection
	GlobalSection(SolutionProperties) = preSolution
		HideSolutionNode = FALSE
	EndGlobalSection
	GlobalSection(NestedProjects) = preSolution
		{32C693BE-1D2C-47ED-8400-F0DCF6F38AB8} = {1113E07E-B1F5-4A1A-AE86-C07F644A3861}
	EndGlobalSection
EndGlobal
